{
  "name": "@agent-os/toolkit",
  "version": "0.1.0",
  "lockfileVersion": 3,
  "requires": true,
  "packages": {
    "": {
      "name": "@agent-os/toolkit",
      "version": "0.1.0",
      "dependencies": {
        "@zag-js/accordion": "^1.40.0",
        "@zag-js/collapsible": "^1.40.0",
        "@zag-js/combobox": "^1.40.0",
        "@zag-js/dialog": "^1.40.0",
        "@zag-js/editable": "^1.40.0",
        "@zag-js/menu": "^1.40.0",
        "@zag-js/number-input": "^1.40.0",
        "@zag-js/popover": "^1.40.0",
        "@zag-js/radio-group": "^1.40.0",
        "@zag-js/select": "^1.40.0",
        "@zag-js/slider": "^1.40.0",
        "@zag-js/splitter": "^1.40.0",
        "@zag-js/switch": "^1.40.0",
        "@zag-js/tags-input": "^1.40.0",
        "@zag-js/toggle-group": "^1.40.0",
        "@zag-js/tooltip": "^1.40.0",
        "@zag-js/vanilla": "^1.40.0"
      }
    },
    "node_modules/@floating-ui/core": {
      "version": "1.7.5",
      "resolved": "https://registry.npmjs.org/@floating-ui/core/-/core-1.7.5.tgz",
      "integrity": "sha512-1Ih4WTWyw0+lKyFMcBHGbb5U5FtuHJuujoyyr5zTaWS5EYMeT6Jb2AuDeftsCsEuchO+mM2ij5+q9crhydzLhQ==",
      "license": "MIT",
      "dependencies": {
        "@floating-ui/utils": "^0.2.11"
      }
    },
    "node_modules/@floating-ui/dom": {
      "version": "1.7.6",
      "resolved": "https://registry.npmjs.org/@floating-ui/dom/-/dom-1.7.6.tgz",
      "integrity": "sha512-9gZSAI5XM36880PPMm//9dfiEngYoC6Am2izES1FF406YFsjvyBMmeJ2g4SAju3xWwtuynNRFL2s9hgxpLI5SQ==",
      "license": "MIT",
      "dependencies": {
        "@floating-ui/core": "^1.7.5",
        "@floating-ui/utils": "^0.2.11"
      }
    },
    "node_modules/@floating-ui/utils": {
      "version": "0.2.11",
      "resolved": "https://registry.npmjs.org/@floating-ui/utils/-/utils-0.2.11.tgz",
      "integrity": "sha512-RiB/yIh78pcIxl6lLMG0CgBXAZ2Y0eVHqMPYugu+9U0AeT6YBeiJpf7lbdJNIugFP5SIjwNRgo4DhR1Qxi26Gg==",
      "license": "MIT"
    },
    "node_modules/@internationalized/number": {
      "version": "3.6.5",
      "resolved": "https://registry.npmjs.org/@internationalized/number/-/number-3.6.5.tgz",
      "integrity": "sha512-6hY4Kl4HPBvtfS62asS/R22JzNNy8vi/Ssev7x6EobfCp+9QIB2hKvI2EtbdJ0VSQacxVNtqhE/NmF/NZ0gm6g==",
      "license": "Apache-2.0",
      "dependencies": {
        "@swc/helpers": "^0.5.0"
      }
    },
    "node_modules/@swc/helpers": {
      "version": "0.5.21",
      "resolved": "https://registry.npmjs.org/@swc/helpers/-/helpers-0.5.21.tgz",
      "integrity": "sha512-jI/VAmtdjB/RnI8GTnokyX7Ug8c+g+ffD6QRLa6XQewtnGyukKkKSk3wLTM3b5cjt1jNh9x0jfVlagdN2gDKQg==",
      "license": "Apache-2.0",
      "dependencies": {
        "tslib": "^2.8.0"
      }
    },
    "node_modules/@zag-js/accordion": {
      "version": "1.40.0",
      "resolved": "https://registry.npmjs.org/@zag-js/accordion/-/accordion-1.40.0.tgz",
      "integrity": "sha512-YDdyvZJ6fr92RZazyXQq+juT3ZA0ubjDISptb5YPgMoTPdnjKNiICPpMeCeVj1ncYRDkHXrOdChS/5CtuX/K6g==",
      "license": "MIT",
      "dependencies": {
        "@zag-js/anatomy": "1.40.0",
        "@zag-js/core": "1.40.0",
        "@zag-js/dom-query": "1.40.0",
        "@zag-js/types": "1.40.0",
        "@zag-js/utils": "1.40.0"
      }
    },
    "node_modules/@zag-js/anatomy": {
      "version": "1.40.0",
      "resolved": "https://registry.npmjs.org/@zag-js/anatomy/-/anatomy-1.40.0.tgz",
      "integrity": "sha512-oiB4uAaV//L38JluLVPtOHO3xvqambrfrXVOoq4kmNrBv1LLlCmFvrXA2HOR9lakn4ExK27XSUrKhUN7YlKjfQ==",
      "license": "MIT"
    },
    "node_modules/@zag-js/aria-hidden": {
      "version": "1.40.0",
      "resolved": "https://registry.npmjs.org/@zag-js/aria-hidden/-/aria-hidden-1.40.0.tgz",
      "integrity": "sha512-lNWujEIlfGKwMQIcgfXuOZSsJD2avrgPsQHrXNVF9mkXygjLFcIRKz2pEexTSCqFh/HuUZJ6rG4pM/hJ/BiVCw==",
      "license": "MIT",
      "dependencies": {
        "@zag-js/dom-query": "1.40.0"
      }
    },
    "node_modules/@zag-js/auto-resize": {
      "version": "1.40.0",
      "resolved": "https://registry.npmjs.org/@zag-js/auto-resize/-/auto-resize-1.40.0.tgz",
      "integrity": "sha512-eZC+AGKUip7UMu41/ApeT1wCIgn2fmo63FJeGAdMMD8E9M8M7QLsfISMIoieNNGBAYWhSyqELQ3jPgkUf6xReA==",
      "license": "MIT",
      "dependencies": {
        "@zag-js/dom-query": "1.40.0"
      }
    },
    "node_modules/@zag-js/collapsible": {
      "version": "1.40.0",
      "resolved": "https://registry.npmjs.org/@zag-js/collapsible/-/collapsible-1.40.0.tgz",
      "integrity": "sha512-xDLY4j9D3gdoTirkwzMaCtelfCjnMhBzPyY6c/mh4oPvD3RB6dr3V3kI80i3yxHaUUeDCIUm/XAxK0InPsRBug==",
      "license": "MIT",
      "dependencies": {
        "@zag-js/anatomy": "1.40.0",
        "@zag-js/core": "1.40.0",
        "@zag-js/dom-query": "1.40.0",
        "@zag-js/types": "1.40.0",
        "@zag-js/utils": "1.40.0"
      }
    },
    "node_modules/@zag-js/collection": {
      "version": "1.40.0",
      "resolved": "https://registry.npmjs.org/@zag-js/collection/-/collection-1.40.0.tgz",
      "integrity": "sha512-+3o1nvbcA9Kz2hDDFf8Kngpd+of33S4TS5Tb9KvrHlU5ieQdvEUtc7/pWG2aCTkGpmgda+j91akB6ZB8+oVkvA==",
      "license": "MIT",
      "dependencies": {
        "@zag-js/utils": "1.40.0"
      }
    },
    "node_modules/@zag-js/combobox": {
      "version": "1.40.0",
      "resolved": "https://registry.npmjs.org/@zag-js/combobox/-/combobox-1.40.0.tgz",
      "integrity": "sha512-5IVCDrB8m7XrKBu28j7bIRE5KiyKJLPDZB3AJ+PLJyL69D+9z1anhLDmkUYcPseyCasszLKzIejby+kYQJgHlA==",
      "license": "MIT",
      "dependencies": {
        "@zag-js/anatomy": "1.40.0",
        "@zag-js/collection": "1.40.0",
        "@zag-js/core": "1.40.0",
        "@zag-js/dismissable": "1.40.0",
        "@zag-js/dom-query": "1.40.0",
        "@zag-js/focus-visible": "1.40.0",
        "@zag-js/live-region": "1.40.0",
        "@zag-js/popper": "1.40.0",
        "@zag-js/types": "1.40.0",
        "@zag-js/utils": "1.40.0"
      }
    },
    "node_modules/@zag-js/core": {
      "version": "1.40.0",
      "resolved": "https://registry.npmjs.org/@zag-js/core/-/core-1.40.0.tgz",
      "integrity": "sha512-0YcqCh7TmhSonkbKM/7NWolxlaQgvvXgqedocW9oeRYiDJIpBZyRqnHPoGAS2XwbBPkCnrqSosxSF5yBjhZpgw==",
      "license": "MIT",
      "dependencies": {
        "@zag-js/dom-query": "1.40.0",
        "@zag-js/utils": "1.40.0"
      }
    },
    "node_modules/@zag-js/dialog": {
      "version": "1.40.0",
      "resolved": "https://registry.npmjs.org/@zag-js/dialog/-/dialog-1.40.0.tgz",
      "integrity": "sha512-1FHxR7/Kuu+9K2dxH7dKlSckCZ26n5ec79qWr0aMSSs2DF+ypQf5GUlaS6z2UqroZvIoJCvABVMm9OMko/qxlA==",
      "license": "MIT",
      "dependencies": {
        "@zag-js/anatomy": "1.40.0",
        "@zag-js/aria-hidden": "1.40.0",
        "@zag-js/core": "1.40.0",
        "@zag-js/dismissable": "1.40.0",
        "@zag-js/dom-query": "1.40.0",
        "@zag-js/focus-trap": "1.40.0",
        "@zag-js/remove-scroll": "1.40.0",
        "@zag-js/types": "1.40.0",
        "@zag-js/utils": "1.40.0"
      }
    },
    "node_modules/@zag-js/dismissable": {
      "version": "1.40.0",
      "resolved": "https://registry.npmjs.org/@zag-js/dismissable/-/dismissable-1.40.0.tgz",
      "integrity": "sha512-bBkFvPg/zbYn31ZgEfx8not6s2Ekx7zU2sO8tGXb8rYPnHBfGDYEzVQansUStJn0Atzw+y7XR7B3G3u5AFQJKw==",
      "license": "MIT",
      "dependencies": {
        "@zag-js/dom-query": "1.40.0",
        "@zag-js/interact-outside": "1.40.0",
        "@zag-js/utils": "1.40.0"
      }
    },
    "node_modules/@zag-js/dom-query": {
      "version": "1.40.0",
      "resolved": "https://registry.npmjs.org/@zag-js/dom-query/-/dom-query-1.40.0.tgz",
      "integrity": "sha512-4J3EO2gHpZ1VZiGLuMlH6G1Tsp4gKB8PPt2yKeNQWYGEXyrHUXrvMhRUzv7Z4/2I1s1tnxlFG4F8ovB3kTpz/Q==",
      "license": "MIT",
      "dependencies": {
        "@zag-js/types": "1.40.0"
      }
    },
    "node_modules/@zag-js/editable": {
      "version": "1.40.0",
      "resolved": "https://registry.npmjs.org/@zag-js/editable/-/editable-1.40.0.tgz",
      "integrity": "sha512-X23wOg42BPvFWfJQi3yd8HiL8xtisrpL5ouFEzba56SQIxWZHDRpeWoqXqyLODq2/z2+SsZ0wV3laRD3ZH0C2g==",
      "license": "MIT",
      "dependencies": {
        "@zag-js/anatomy": "1.40.0",
        "@zag-js/core": "1.40.0",
        "@zag-js/dom-query": "1.40.0",
        "@zag-js/interact-outside": "1.40.0",
        "@zag-js/types": "1.40.0",
        "@zag-js/utils": "1.40.0"
      }
    },
    "node_modules/@zag-js/focus-trap": {
      "version": "1.40.0",
      "resolved": "https://registry.npmjs.org/@zag-js/focus-trap/-/focus-trap-1.40.0.tgz",
      "integrity": "sha512-Q6W+DU7pix5rtRwoDnYzTYMkUV2kMWrFV0/EdNN3spFSvnUSkDWRmcNpzf+56AuCNeqsAZxaLJpsHLZkcT2xrw==",
      "license": "MIT",
      "dependencies": {
        "@zag-js/dom-query": "1.40.0"
      }
    },
    "node_modules/@zag-js/focus-visible": {
      "version": "1.40.0",
      "resolved": "https://registry.npmjs.org/@zag-js/focus-visible/-/focus-visible-1.40.0.tgz",
      "integrity": "sha512-63byl/kLVzDYlnHFma4HKEKrqB1Vx2zg0sBmUSENPyh+Ia1xhEVVC5vu6GX7nu4t/8QRy3Jn0q7T5og81FGb1A==",
      "license": "MIT",
      "dependencies": {
        "@zag-js/dom-query": "1.40.0"
      }
    },
    "node_modules/@zag-js/interact-outside": {
      "version": "1.40.0",
      "resolved": "https://registry.npmjs.org/@zag-js/interact-outside/-/interact-outside-1.40.0.tgz",
      "integrity": "sha512-Fws+O4uD9vS0I5KVcf3U2tNjLKvqlv+RExFbTywckDLOCJ145M/pMQWTr1FHil04jk5PFyM1iGfsbom8tozHpQ==",
      "license": "MIT",
      "dependencies": {
        "@zag-js/dom-query": "1.40.0",
        "@zag-js/utils": "1.40.0"
      }
    },
    "node_modules/@zag-js/live-region": {
      "version": "1.40.0",
      "resolved": "https://registry.npmjs.org/@zag-js/live-region/-/live-region-1.40.0.tgz",
      "integrity": "sha512-i1Dx02KGcQOAZGNhkFe8kz26gYJcn7KsT/M1UovjS9RTbl9diY8ShiyfIAhqruoaHQyqsHMRh/f7Idu45HdiDA==",
      "license": "MIT"
    },
    "node_modules/@zag-js/menu": {
      "version": "1.40.0",
      "resolved": "https://registry.npmjs.org/@zag-js/menu/-/menu-1.40.0.tgz",
      "integrity": "sha512-FRBqwsOjxBi0eSwqwrOw2td1rd0Xxl0f41J2lGc8E7z+2PabbBcJ/poqSiEn8YoaCT4mAWNjt4QQU/Pe1bRJ/g==",
      "license": "MIT",
      "dependencies": {
        "@zag-js/anatomy": "1.40.0",
        "@zag-js/core": "1.40.0",
        "@zag-js/dismissable": "1.40.0",
        "@zag-js/dom-query": "1.40.0",
        "@zag-js/focus-visible": "1.40.0",
        "@zag-js/popper": "1.40.0",
        "@zag-js/rect-utils": "1.40.0",
        "@zag-js/types": "1.40.0",
        "@zag-js/utils": "1.40.0"
      }
    },
    "node_modules/@zag-js/number-input": {
      "version": "1.40.0",
      "resolved": "https://registry.npmjs.org/@zag-js/number-input/-/number-input-1.40.0.tgz",
      "integrity": "sha512-WffdeqSOpsKmgPzBkNZl9nAolQPlyl9dIabaPguGgXdYtZW/OGCGj8jCYqyEu4VL3kDPPVVQRWEqC/XzwzVCRg==",
      "license": "MIT",
      "dependencies": {
        "@internationalized/number": "3.6.5",
        "@zag-js/anatomy": "1.40.0",
        "@zag-js/core": "1.40.0",
        "@zag-js/dom-query": "1.40.0",
        "@zag-js/types": "1.40.0",
        "@zag-js/utils": "1.40.0"
      }
    },
    "node_modules/@zag-js/popover": {
      "version": "1.40.0",
      "resolved": "https://registry.npmjs.org/@zag-js/popover/-/popover-1.40.0.tgz",
      "integrity": "sha512-bjvOep1YNlsvIYGh/rPsFCHjH2cCt2aKsVLyRvzTT1jhGZJvBdQKQBJjSuG5Nh4y1PUqtrrz69ZMWRrJGQ3rNg==",
      "license": "MIT",
      "dependencies": {
        "@zag-js/anatomy": "1.40.0",
        "@zag-js/aria-hidden": "1.40.0",
        "@zag-js/core": "1.40.0",
        "@zag-js/dismissable": "1.40.0",
        "@zag-js/dom-query": "1.40.0",
        "@zag-js/focus-trap": "1.40.0",
        "@zag-js/popper": "1.40.0",
        "@zag-js/remove-scroll": "1.40.0",
        "@zag-js/types": "1.40.0",
        "@zag-js/utils": "1.40.0"
      }
    },
    "node_modules/@zag-js/popper": {
      "version": "1.40.0",
      "resolved": "https://registry.npmjs.org/@zag-js/popper/-/popper-1.40.0.tgz",
      "integrity": "sha512-rCkgqgwlpgMwcnuSVrZK2xXl1Mvptpuw3cZy6rC2C5F3yE1GmWohdts5VkeQNro+sd/xHTdVovOqY6cU9Htj1w==",
      "license": "MIT",
      "dependencies": {
        "@floating-ui/dom": "^1.7.6",
        "@zag-js/dom-query": "1.40.0",
        "@zag-js/utils": "1.40.0"
      }
    },
    "node_modules/@zag-js/radio-group": {
      "version": "1.40.0",
      "resolved": "https://registry.npmjs.org/@zag-js/radio-group/-/radio-group-1.40.0.tgz",
      "integrity": "sha512-sFJCdyOKzQC9hylSP19R71yv44by/C78D9EHfsxQJtvOgDv9E+h13NNX4n9wWyubC20xftlxkja8sNT5NfJKUw==",
      "license": "MIT",
      "dependencies": {
        "@zag-js/anatomy": "1.40.0",
        "@zag-js/core": "1.40.0",
        "@zag-js/dom-query": "1.40.0",
        "@zag-js/focus-visible": "1.40.0",
        "@zag-js/types": "1.40.0",
        "@zag-js/utils": "1.40.0"
      }
    },
    "node_modules/@zag-js/rect-utils": {
      "version": "1.40.0",
      "resolved": "https://registry.npmjs.org/@zag-js/rect-utils/-/rect-utils-1.40.0.tgz",
      "integrity": "sha512-ikgLuE4rLlACm4mGLp6Ga8sJA44uFwohA1nVmb95sQ+VIyx2naf91CEF7SMrZVEwFKHaHpxdKVQSZLRjJqO/dw==",
      "license": "MIT"
    },
    "node_modules/@zag-js/remove-scroll": {
      "version": "1.40.0",
      "resolved": "https://registry.npmjs.org/@zag-js/remove-scroll/-/remove-scroll-1.40.0.tgz",
      "integrity": "sha512-f6EgODnJMRtkbgdJCgyllND8jui+RtPrCZy6JYhhOg7KQ+bFfV36KzWQMty38ZdOyrh23UUO7MJ3WGcFXPvk3g==",
      "license": "MIT",
      "dependencies": {
        "@zag-js/dom-query": "1.40.0"
      }
    },
    "node_modules/@zag-js/select": {
      "version": "1.40.0",
      "resolved": "https://registry.npmjs.org/@zag-js/select/-/select-1.40.0.tgz",
      "integrity": "sha512-auMI9SvocVvKHNWF2DobyQN6+1k3OO6UsQTdkofvbHxX7maosy8ZXA6k1r9Ndt4qLUu7CbdAAQ+qJ4VkgJyvxA==",
      "license": "MIT",
      "dependencies": {
        "@zag-js/anatomy": "1.40.0",
        "@zag-js/collection": "1.40.0",
        "@zag-js/core": "1.40.0",
        "@zag-js/dismissable": "1.40.0",
        "@zag-js/dom-query": "1.40.0",
        "@zag-js/focus-visible": "1.40.0",
        "@zag-js/popper": "1.40.0",
        "@zag-js/types": "1.40.0",
        "@zag-js/utils": "1.40.0"
      }
    },
    "node_modules/@zag-js/slider": {
      "version": "1.40.0",
      "resolved": "https://registry.npmjs.org/@zag-js/slider/-/slider-1.40.0.tgz",
      "integrity": "sha512-xZGycm+ghGFG3kTYq8g0t1Av1moxg45WiFz5E3bRgP7YU9beSTaFZI8h6f65NiC5P3YuwA0RoYxA46GH22qoZg==",
      "license": "MIT",
      "dependencies": {
        "@zag-js/anatomy": "1.40.0",
        "@zag-js/core": "1.40.0",
        "@zag-js/dom-query": "1.40.0",
        "@zag-js/types": "1.40.0",
        "@zag-js/utils": "1.40.0"
      }
    },
    "node_modules/@zag-js/splitter": {
      "version": "1.40.0",
      "resolved": "https://registry.npmjs.org/@zag-js/splitter/-/splitter-1.40.0.tgz",
      "integrity": "sha512-64KNKwlIjyUIjp7i/whDCpREiSFrNI/cF7MpBJvBGRPUWq8NpNxMGKWD+vBCV+JC61QF9xg/NgNoigFycS9sYw==",
      "license": "MIT",
      "dependencies": {
        "@zag-js/anatomy": "1.40.0",
        "@zag-js/core": "1.40.0",
        "@zag-js/dom-query": "1.40.0",
        "@zag-js/types": "1.40.0",
        "@zag-js/utils": "1.40.0"
      }
    },
    "node_modules/@zag-js/store": {
      "version": "1.40.0",
      "resolved": "https://registry.npmjs.org/@zag-js/store/-/store-1.40.0.tgz",
      "integrity": "sha512-EmgYIdbNZ4TN4Qht/jugY4UVkaWx69l8P1qiX23U4YwqNLq10tyOJmcXWbvsrprU1dGb24B+xq0WBm/RIjw4WA==",
      "license": "MIT",
      "dependencies": {
        "proxy-compare": "3.0.1"
      }
    },
    "node_modules/@zag-js/switch": {
      "version": "1.40.0",
      "resolved": "https://registry.npmjs.org/@zag-js/switch/-/switch-1.40.0.tgz",
      "integrity": "sha512-hUH3AF79ndSFZxt7Plw7mVZV0QlM0kFqKwrAGBEOE77P3rKpOsMJ3wWgMb3w6nwlxGQsbwmMgAFvYUslLpM4Lg==",
      "license": "MIT",
      "dependencies": {
        "@zag-js/anatomy": "1.40.0",
        "@zag-js/core": "1.40.0",
        "@zag-js/dom-query": "1.40.0",
        "@zag-js/focus-visible": "1.40.0",
        "@zag-js/types": "1.40.0",
        "@zag-js/utils": "1.40.0"
      }
    },
    "node_modules/@zag-js/tags-input": {
      "version": "1.40.0",
      "resolved": "https://registry.npmjs.org/@zag-js/tags-input/-/tags-input-1.40.0.tgz",
      "integrity": "sha512-3cB7nPlUvzZNZwQw5AaTuxwcRn1n2qkDCjLEb2NEwtmI+YxHbK3k1MtXjTccjcYjU8cAkv+jaeyZPs6KFKQcHA==",
      "license": "MIT",
      "dependencies": {
        "@zag-js/anatomy": "1.40.0",
        "@zag-js/auto-resize": "1.40.0",
        "@zag-js/core": "1.40.0",
        "@zag-js/dom-query": "1.40.0",
        "@zag-js/interact-outside": "1.40.0",
        "@zag-js/live-region": "1.40.0",
        "@zag-js/types": "1.40.0",
        "@zag-js/utils": "1.40.0"
      }
    },
    "node_modules/@zag-js/toggle-group": {
      "version": "1.40.0",
      "resolved": "https://registry.npmjs.org/@zag-js/toggle-group/-/toggle-group-1.40.0.tgz",
      "integrity": "sha512-+JKcnfEbdQnr5p7uRvYLdivhUsM6iio71UC10tK74nXYRnYm0/Uvxg3oQzvbNTq9WdcU/DIh3gZVZ2Vex9nBnQ==",
      "license": "MIT",
      "dependencies": {
        "@zag-js/anatomy": "1.40.0",
        "@zag-js/core": "1.40.0",
        "@zag-js/dom-query": "1.40.0",
        "@zag-js/types": "1.40.0",
        "@zag-js/utils": "1.40.0"
      }
    },
    "node_modules/@zag-js/tooltip": {
      "version": "1.40.0",
      "resolved": "https://registry.npmjs.org/@zag-js/tooltip/-/tooltip-1.40.0.tgz",
      "integrity": "sha512-pyrvit+nB8dIwVNTGBRlHPsh7yMJGAxxM1zfY7HOTJqF+n6+6xYTQ4gQ/Ocy1Q7I5kO88+m16naEh0qLFiTZww==",
      "license": "MIT",
      "dependencies": {
        "@zag-js/anatomy": "1.40.0",
        "@zag-js/core": "1.40.0",
        "@zag-js/dom-query": "1.40.0",
        "@zag-js/focus-visible": "1.40.0",
        "@zag-js/popper": "1.40.0",
        "@zag-js/types": "1.40.0",
        "@zag-js/utils": "1.40.0"
      }
    },
    "node_modules/@zag-js/types": {
      "version": "1.40.0",
      "resolved": "https://registry.npmjs.org/@zag-js/types/-/types-1.40.0.tgz",
      "integrity": "sha512-LVvxEyqFv/u9SEe5xdivvG2vYb9cCmbkD+5r6s+IGljpDLaRgv4BYyxEh40ri1ai070tL08ZKmoLfx2/xfvY/A==",
      "license": "MIT",
      "dependencies": {
        "csstype": "3.2.3"
      }
    },
    "node_modules/@zag-js/utils": {
      "version": "1.40.0",
      "resolved": "https://registry.npmjs.org/@zag-js/utils/-/utils-1.40.0.tgz",
      "integrity": "sha512-XUpqDtXfHe7CySjOhLPLj9H8rxbiFUJAGgmBzNdpsGPP4wx12cpOXrpSjRXZ2kMwooMPz/P7RPDBteto8sqhAQ==",
      "license": "MIT"
    },
    "node_modules/@zag-js/vanilla": {
      "version": "1.40.0",
      "resolved": "https://registry.npmjs.org/@zag-js/vanilla/-/vanilla-1.40.0.tgz",
      "integrity": "sha512-cxQfQpbjZM3YBxCY6r+HOUYfQl2WJTmG+eU3qjgG/0JF0zJegytpPV0/chmO6TrRfcIJxsgFnVjs+3z91MfewQ==",
      "license": "MIT",
      "dependencies": {
        "@zag-js/core": "1.40.0",
        "@zag-js/store": "1.40.0",
        "@zag-js/types": "1.40.0",
        "@zag-js/utils": "1.40.0"
      }
    },
    "node_modules/csstype": {
      "version": "3.2.3",
      "resolved": "https://registry.npmjs.org/csstype/-/csstype-3.2.3.tgz",
      "integrity": "sha512-z1HGKcYy2xA8AGQfwrn0PAy+PB7X/GSj3UVJW9qKyn43xWa+gl5nXmU4qqLMRzWVLFC8KusUX8T/0kCiOYpAIQ==",
      "license": "MIT"
    },
    "node_modules/proxy-compare": {
      "version": "3.0.1",
      "resolved": "https://registry.npmjs.org/proxy-compare/-/proxy-compare-3.0.1.tgz",
      "integrity": "sha512-V9plBAt3qjMlS1+nC8771KNf6oJ12gExvaxnNzN/9yVRLdTv/lc+oJlnSzrdYDAvBfTStPCoiaCOTmTs0adv7Q==",
      "license": "MIT"
    },
    "node_modules/tslib": {
      "version": "2.8.1",
      "resolved": "https://registry.npmjs.org/tslib/-/tslib-2.8.1.tgz",
      "integrity": "sha512-oJFu94HQb+KVduSUQL7wnpmqnfmLsOA/nAh6b6EH0wCEoK0/mPeXU6c3wKDV83MkOuHPRHtSXKKU99IBazS/2w==",
      "license": "0BSD"
    }
  }
}
